# THIS IS AN AUTOGENERATED FILE. DO NOT EDIT THIS FILE DIRECTLY.
# yarn lockfile v1


"@types/bitcore-lib@^0.15.3":
  version "0.15.3"
  resolved "https://registry.npmjs.org/@types/bitcore-lib/-/bitcore-lib-0.15.3.tgz"
  integrity sha512-5x6ffSToBwz91DX1CqIJ2X34kkAlz/qeCMMTZiMg47mIPfirtCqLVlQ/SQ2SiMJR+sxG5/mUFYbYoSuRKej6tQ==
  dependencies:
    "@types/node" "*"

"@types/node@*", "@types/node@^20.3.1":
  version "20.3.1"
  resolved "https://registry.npmjs.org/@types/node/-/node-20.3.1.tgz"
  integrity sha512-EhcH/wvidPy1WeML3TtYFGR83UzjxeWRen9V402T8aUGYsCHOmfoisV3ZSg03gAFIbLq8TnWOJ0f4cALtnSEUg==

base-x@^4.0.0:
  version "4.0.0"
  resolved "https://registry.npmjs.org/base-x/-/base-x-4.0.0.tgz"
  integrity sha512-FuwxlW4H5kh37X/oW59pwTzzTKRzfrrQwhmyspRM7swOEZcHtDZSCt45U6oKgtuFE+WYPblePMVIPR4RZrh/hw==

bn.js@=2.0.4, bn.js@^2.0.0:
  version "2.0.4"
  resolved "https://registry.npmjs.org/bn.js/-/bn.js-2.0.4.tgz"
  integrity sha512-agol6nELIIhWUdrrb0ko6X/ojICxfDeUg+NUCODLS4Dn3deKCE+d1HTEjvlD/WfH6rZ1DCh7bA21tHNtmqwjWA==

brorand@^1.0.1:
  version "1.1.0"
  resolved "https://registry.npmjs.org/brorand/-/brorand-1.1.0.tgz"
  integrity sha512-cKV8tMCEpQs4hK/ik71d6LrPOnpkpGBR0wzxqr68g2m/LB2GxVYQroAjMJZRVM1Y4BCjCKc3vAamxSzOY2RP+w==

bs58@=2.0.0:
  version "2.0.0"
  resolved "https://registry.npmjs.org/bs58/-/bs58-2.0.0.tgz"
  integrity sha512-e6HRIsesDBCrBpXbYviZDrxtwHkk2D4K7f4u/asWRrKBQTt5axZRt2nqa3Hw51+lzQOni31Xvu1/2FiZodXtow==

bs58@^5.0.0:
  version "5.0.0"
  resolved "https://registry.npmjs.org/bs58/-/bs58-5.0.0.tgz"
  integrity sha512-r+ihvQJvahgYT50JD05dyJNKlmmSlMoOGwn1lCcEzanPglg7TxYjioQUYehQ9mAR/+hOSd2jRc/Z2y5UxBymvQ==
  dependencies:
    base-x "^4.0.0"

buffer-compare@=1.0.0:
  version "1.0.0"
  resolved "https://registry.npmjs.org/buffer-compare/-/buffer-compare-1.0.0.tgz"
  integrity sha512-V44fH6pgIfMge/eVmwtRHOfbYYsjRLpMTxEWYijmmendeNi8gRh4Epg0TvgLi3w/NGwVrBWV2B5++RfGTtkCLw==

crypto@^1.0.1:
  version "1.0.1"
  resolved "https://registry.npmjs.org/crypto/-/crypto-1.0.1.tgz"
  integrity sha512-VxBKmeNcqQdiUQUW2Tzq0t377b54N2bMtXO/qiLa+6eRRmmC4qT3D4OnTGoT/U6O9aklQ/jTwbOtRMTTY8G0Ig==

dotenv@^16.1.4:
  version "16.1.4"
  resolved "https://registry.npmjs.org/dotenv/-/dotenv-16.1.4.tgz"
  integrity sha512-m55RtE8AsPeJBpOIFKihEmqUcoVncQIwo7x9U8ZwLEZw9ZpXboz2c+rvog+jUaJvVrZ5kBOeYQBX5+8Aa/OZQw==

elliptic@=3.0.3:
  version "3.0.3"
  resolved "https://registry.npmjs.org/elliptic/-/elliptic-3.0.3.tgz"
  integrity sha512-CrBEiS76Obfxgy6v25p2f7XUZ63DF6mJ/KL0lvBnIrlBeebacGjukc4KjbFWw6bdMnOMM6QXcO84Q2/VJaJlTA==
  dependencies:
    bn.js "^2.0.0"
    brorand "^1.0.1"
    hash.js "^1.0.0"
    inherits "^2.0.1"

hash.js@^1.0.0:
  version "1.1.7"
  resolved "https://registry.npmjs.org/hash.js/-/hash.js-1.1.7.tgz"
  integrity sha512-taOaskGt4z4SOANNseOviYDvjEJinIkRgmp7LbKP2YTTmVxWBl87s/uzK9r+44BclBSp2X7K1hqeNfz9JbBeXA==
  dependencies:
    inherits "^2.0.3"
    minimalistic-assert "^1.0.1"

inherits@=2.0.1, inherits@^2.0.1:
  version "2.0.1"
  resolved "https://registry.npmjs.org/inherits/-/inherits-2.0.1.tgz"
  integrity sha512-8nWq2nLTAwd02jTqJExUYFSD/fKq6VH9Y/oG2accc/kdI0V98Bag8d5a4gi3XHz73rDWa2PvTtvcWYquKqSENA==

inherits@^2.0.3:
  version "2.0.4"
  resolved "https://registry.npmjs.org/inherits/-/inherits-2.0.4.tgz"
  integrity sha512-k/vGaX4/Yla3WzyMCvTQOXYeIHvqOKtnqBduzTHpzpQZzAskKMhZ2K+EnBiSM9zGSoIFeMpXKxa4dYeZIQqewQ==

litecore-lib@^0.13.22:
  version "0.13.22"
  resolved "https://registry.npmjs.org/litecore-lib/-/litecore-lib-0.13.22.tgz"
  integrity sha512-s6Hs2pBss1RrJONCpn4W9//hCDvqUZqWrMEVIq939t2aA23rpDg/+anZdKtgf63EFc3rTOO9zmbPjz8CZ23jFg==
  dependencies:
    bn.js "=2.0.4"
    bs58 "=2.0.0"
    buffer-compare "=1.0.0"
    elliptic "=3.0.3"
    inherits "=2.0.1"
    lodash "=3.10.1"
    scryptsy "=2.0.0"

lodash@=3.10.1:
  version "3.10.1"
  resolved "https://registry.npmjs.org/lodash/-/lodash-3.10.1.tgz"
  integrity sha512-9mDDwqVIma6OZX79ZlDACZl8sBm0TEnkf99zV3iMA4GzkIT/9hiqP5mY0HoT1iNLCrKc/R1HByV+yJfRWVJryQ==

minimalistic-assert@^1.0.1:
  version "1.0.1"
  resolved "https://registry.npmjs.org/minimalistic-assert/-/minimalistic-assert-1.0.1.tgz"
  integrity sha512-UtJcAD4yEaGtjPezWuO9wC4nwUnVH/8/Im3yEHQP4b67cXlD/Qr9hdITCU1xDbSEXg2XKNaP8jsReV7vQd00/A==

scryptsy@=2.0.0:
  version "2.0.0"
  resolved "https://registry.npmjs.org/scryptsy/-/scryptsy-2.0.0.tgz"
  integrity sha512-z+ukkvWZmpYUL+DtcnxbymFRLxnJeSee6EYgC+bBlytZ2HVBzanHHPzx9Q79qopaqI9ms+GG80F2MGcGCzCU9Q==
